lockfileVersion: '6.0'

settings:
  autoInstallPeers: true
  excludeLinksFromLockfile: false

dependencies:
  of-scripts:
    specifier: ^1.0.0
    version: 1.0.0

devDependencies:
  husky:
    specifier: ^8.0.3
    version: 8.0.3
  lint-staged:
    specifier: ^14.0.1
    version: 14.0.1
  prettier:
    specifier: ^3.0.2
    version: 3.0.2
  typescript:
    specifier: ^5.1.6
    version: 5.1.6

packages:

  /@esbuild/android-arm64@0.19.9:
    resolution: {integrity: sha512-q4cR+6ZD0938R19MyEW3jEsMzbb/1rulLXiNAJQADD/XYp7pT+rOS5JGxvpRW8dFDEfjW4wLgC/3FXIw4zYglQ==}
    engines: {node: '>=12'}
    cpu: [arm64]
    os: [android]
    requiresBuild: true
    dev: false
    optional: true

  /@esbuild/android-arm@0.19.9:
    resolution: {integrity: sha512-jkYjjq7SdsWuNI6b5quymW0oC83NN5FdRPuCbs9HZ02mfVdAP8B8eeqLSYU3gb6OJEaY5CQabtTFbqBf26H3GA==}
    engines: {node: '>=12'}
    cpu: [arm]
    os: [android]
    requiresBuild: true
    dev: false
    optional: true

  /@esbuild/android-x64@0.19.9:
    resolution: {integrity: sha512-KOqoPntWAH6ZxDwx1D6mRntIgZh9KodzgNOy5Ebt9ghzffOk9X2c1sPwtM9P+0eXbefnDhqYfkh5PLP5ULtWFA==}
    engines: {node: '>=12'}
    cpu: [x64]
    os: [android]
    requiresBuild: true
    dev: false
    optional: true

  /@esbuild/darwin-arm64@0.19.9:
    resolution: {integrity: sha512-KBJ9S0AFyLVx2E5D8W0vExqRW01WqRtczUZ8NRu+Pi+87opZn5tL4Y0xT0mA4FtHctd0ZgwNoN639fUUGlNIWw==}
    engines: {node: '>=12'}
    cpu: [arm64]
    os: [darwin]
    requiresBuild: true
    dev: false
    optional: true

  /@esbuild/darwin-x64@0.19.9:
    resolution: {integrity: sha512-vE0VotmNTQaTdX0Q9dOHmMTao6ObjyPm58CHZr1UK7qpNleQyxlFlNCaHsHx6Uqv86VgPmR4o2wdNq3dP1qyDQ==}
    engines: {node: '>=12'}
    cpu: [x64]
    os: [darwin]
    requiresBuild: true
    dev: false
    optional: true

  /@esbuild/freebsd-arm64@0.19.9:
    resolution: {integrity: sha512-uFQyd/o1IjiEk3rUHSwUKkqZwqdvuD8GevWF065eqgYfexcVkxh+IJgwTaGZVu59XczZGcN/YMh9uF1fWD8j1g==}
    engines: {node: '>=12'}
    cpu: [arm64]
    os: [freebsd]
    requiresBuild: true
    dev: false
    optional: true

  /@esbuild/freebsd-x64@0.19.9:
    resolution: {integrity: sha512-WMLgWAtkdTbTu1AWacY7uoj/YtHthgqrqhf1OaEWnZb7PQgpt8eaA/F3LkV0E6K/Lc0cUr/uaVP/49iE4M4asA==}
    engines: {node: '>=12'}
    cpu: [x64]
    os: [freebsd]
    requiresBuild: true
    dev: false
    optional: true

  /@esbuild/linux-arm64@0.19.9:
    resolution: {integrity: sha512-PiPblfe1BjK7WDAKR1Cr9O7VVPqVNpwFcPWgfn4xu0eMemzRp442hXyzF/fSwgrufI66FpHOEJk0yYdPInsmyQ==}
    engines: {node: '>=12'}
    cpu: [arm64]
    os: [linux]
    requiresBuild: true
    dev: false
    optional: true

  /@esbuild/linux-arm@0.19.9:
    resolution: {integrity: sha512-C/ChPohUYoyUaqn1h17m/6yt6OB14hbXvT8EgM1ZWaiiTYz7nWZR0SYmMnB5BzQA4GXl3BgBO1l8MYqL/He3qw==}
    engines: {node: '>=12'}
    cpu: [arm]
    os: [linux]
    requiresBuild: true
    dev: false
    optional: true

  /@esbuild/linux-ia32@0.19.9:
    resolution: {integrity: sha512-f37i/0zE0MjDxijkPSQw1CO/7C27Eojqb+r3BbHVxMLkj8GCa78TrBZzvPyA/FNLUMzP3eyHCVkAopkKVja+6Q==}
    engines: {node: '>=12'}
    cpu: [ia32]
    os: [linux]
    requiresBuild: true
    dev: false
    optional: true

  /@esbuild/linux-loong64@0.19.9:
    resolution: {integrity: sha512-t6mN147pUIf3t6wUt3FeumoOTPfmv9Cc6DQlsVBpB7eCpLOqQDyWBP1ymXn1lDw4fNUSb/gBcKAmvTP49oIkaA==}
    engines: {node: '>=12'}
    cpu: [loong64]
    os: [linux]
    requiresBuild: true
    dev: false
    optional: true

  /@esbuild/linux-mips64el@0.19.9:
    resolution: {integrity: sha512-jg9fujJTNTQBuDXdmAg1eeJUL4Jds7BklOTkkH80ZgQIoCTdQrDaHYgbFZyeTq8zbY+axgptncko3v9p5hLZtw==}
    engines: {node: '>=12'}
    cpu: [mips64el]
    os: [linux]
    requiresBuild: true
    dev: false
    optional: true

  /@esbuild/linux-ppc64@0.19.9:
    resolution: {integrity: sha512-tkV0xUX0pUUgY4ha7z5BbDS85uI7ABw3V1d0RNTii7E9lbmV8Z37Pup2tsLV46SQWzjOeyDi1Q7Wx2+QM8WaCQ==}
    engines: {node: '>=12'}
    cpu: [ppc64]
    os: [linux]
    requiresBuild: true
    dev: false
    optional: true

  /@esbuild/linux-riscv64@0.19.9:
    resolution: {integrity: sha512-DfLp8dj91cufgPZDXr9p3FoR++m3ZJ6uIXsXrIvJdOjXVREtXuQCjfMfvmc3LScAVmLjcfloyVtpn43D56JFHg==}
    engines: {node: '>=12'}
    cpu: [riscv64]
    os: [linux]
    requiresBuild: true
    dev: false
    optional: true

  /@esbuild/linux-s390x@0.19.9:
    resolution: {integrity: sha512-zHbglfEdC88KMgCWpOl/zc6dDYJvWGLiUtmPRsr1OgCViu3z5GncvNVdf+6/56O2Ca8jUU+t1BW261V6kp8qdw==}
    engines: {node: '>=12'}
    cpu: [s390x]
    os: [linux]
    requiresBuild: true
    dev: false
    optional: true

  /@esbuild/linux-x64@0.19.9:
    resolution: {integrity: sha512-JUjpystGFFmNrEHQnIVG8hKwvA2DN5o7RqiO1CVX8EN/F/gkCjkUMgVn6hzScpwnJtl2mPR6I9XV1oW8k9O+0A==}
    engines: {node: '>=12'}
    cpu: [x64]
    os: [linux]
    requiresBuild: true
    dev: false
    optional: true

  /@esbuild/netbsd-x64@0.19.9:
    resolution: {integrity: sha512-GThgZPAwOBOsheA2RUlW5UeroRfESwMq/guy8uEe3wJlAOjpOXuSevLRd70NZ37ZrpO6RHGHgEHvPg1h3S1Jug==}
    engines: {node: '>=12'}
    cpu: [x64]
    os: [netbsd]
    requiresBuild: true
    dev: false
    optional: true

  /@esbuild/openbsd-x64@0.19.9:
    resolution: {integrity: sha512-Ki6PlzppaFVbLnD8PtlVQfsYw4S9n3eQl87cqgeIw+O3sRr9IghpfSKY62mggdt1yCSZ8QWvTZ9jo9fjDSg9uw==}
    engines: {node: '>=12'}
    cpu: [x64]
    os: [openbsd]
    requiresBuild: true
    dev: false
    optional: true

  /@esbuild/sunos-x64@0.19.9:
    resolution: {integrity: sha512-MLHj7k9hWh4y1ddkBpvRj2b9NCBhfgBt3VpWbHQnXRedVun/hC7sIyTGDGTfsGuXo4ebik2+3ShjcPbhtFwWDw==}
    engines: {node: '>=12'}
    cpu: [x64]
    os: [sunos]
    requiresBuild: true
    dev: false
    optional: true

  /@esbuild/win32-arm64@0.19.9:
    resolution: {integrity: sha512-GQoa6OrQ8G08guMFgeXPH7yE/8Dt0IfOGWJSfSH4uafwdC7rWwrfE6P9N8AtPGIjUzdo2+7bN8Xo3qC578olhg==}
    engines: {node: '>=12'}
    cpu: [arm64]
    os: [win32]
    requiresBuild: true
    dev: false
    optional: true

  /@esbuild/win32-ia32@0.19.9:
    resolution: {integrity: sha512-UOozV7Ntykvr5tSOlGCrqU3NBr3d8JqPes0QWN2WOXfvkWVGRajC+Ym0/Wj88fUgecUCLDdJPDF0Nna2UK3Qtg==}
    engines: {node: '>=12'}
    cpu: [ia32]
    os: [win32]
    requiresBuild: true
    dev: false
    optional: true

  /@esbuild/win32-x64@0.19.9:
    resolution: {integrity: sha512-oxoQgglOP7RH6iasDrhY+R/3cHrfwIDvRlT4CGChflq6twk8iENeVvMJjmvBb94Ik1Z+93iGO27err7w6l54GQ==}
    engines: {node: '>=12'}
    cpu: [x64]
    os: [win32]
    requiresBuild: true
    dev: false
    optional: true

  /@isaacs/cliui@8.0.2:
    resolution: {integrity: sha512-O8jcjabXaleOG9DQ0+ARXWZBTfnP4WNAqzuiJK7ll44AmxGKv/J2M4TPjxjY3znBCfvBXFzucm1twdyFybFqEA==}
    engines: {node: '>=12'}
    dependencies:
      string-width: 5.1.2
      string-width-cjs: /string-width@4.2.3
      strip-ansi: 7.1.0
      strip-ansi-cjs: /strip-ansi@6.0.1
      wrap-ansi: 8.1.0
      wrap-ansi-cjs: /wrap-ansi@7.0.0
    dev: false

  /@pkgjs/parseargs@0.11.0:
    resolution: {integrity: sha512-+1VkjdD0QBLPodGrJUeqarH8VAIvQODIbwh9XpP5Syisf7YoQgsJKPNFoqqLQlu+VQ/tVSshMR6loPMn8U+dPg==}
    engines: {node: '>=14'}
    requiresBuild: true
    dev: false
    optional: true

  /ansi-escapes@5.0.0:
    resolution: {integrity: sha512-5GFMVX8HqE/TB+FuBJGuO5XG0WrsA6ptUqoODaT/n9mmUaZFkqnBueB4leqGBCmrUHnCnC4PCZTCd0E7QQ83bA==}
    engines: {node: '>=12'}
    dependencies:
      type-fest: 1.4.0
    dev: true

  /ansi-regex@5.0.1:
    resolution: {integrity: sha512-quJQXlTSUGL2LH9SUXo8VwsY4soanhgo6LNSm84E1LBcE8s3O0wpdiRzyR9z/ZZJMlMWv37qOOb9pdJlMUEKFQ==}
    engines: {node: '>=8'}
    dev: false

  /ansi-regex@6.0.1:
    resolution: {integrity: sha512-n5M855fKb2SsfMIiFFoVrABHJC8QtHwVx+mHWP3QcEqBHYienj5dHSgjbxtC0WEZXYt4wcD6zrQElDPhFuZgfA==}
    engines: {node: '>=12'}

  /ansi-styles@4.3.0:
    resolution: {integrity: sha512-zbB9rCJAT1rbjiVDb2hqKFHNYLxgtk8NURxZ3IZwD3F6NtxbXZQCnnSi1Lkx+IDohdPlFp222wVALIheZJQSEg==}
    engines: {node: '>=8'}
    dependencies:
      color-convert: 2.0.1
    dev: false

  /ansi-styles@6.2.1:
    resolution: {integrity: sha512-bN798gFfQX+viw3R7yrGWRqnrN2oRkEkUjjl4JNn4E8GxxbjtG3FbrEIIY3l8/hrwUwIeCZvi4QuOTP4MErVug==}
    engines: {node: '>=12'}

  /balanced-match@1.0.2:
    resolution: {integrity: sha512-3oSeUO0TMV67hN1AmbXsK4yaqU7tjiHlbxRDZOpH0KW9+CeX4bRAaX0Anxt0tx2MrpRpWwQaPwIlISEJhYU5Pw==}
    dev: false

  /brace-expansion@2.0.1:
    resolution: {integrity: sha512-XnAIvQ8eM+kC6aULx6wuQiwVsnzsi9d3WxzV3FpWTGA19F621kwdbsAcFKXgKUHZWsy+mY6iL1sHTxWEFCytDA==}
    dependencies:
      balanced-match: 1.0.2
    dev: false

  /braces@3.0.2:
    resolution: {integrity: sha512-b8um+L1RzM3WDSzvhm6gIz1yfTbBt6YTlcEKAvsmqCZZFw46z626lVj9j1yEPW33H5H+lBQpZMP1k8l+78Ha0A==}
    engines: {node: '>=8'}
    dependencies:
      fill-range: 7.0.1
    dev: true

  /chalk@5.3.0:
    resolution: {integrity: sha512-dLitG79d+GV1Nb/VYcCDFivJeK1hiukt9QjRNVOsUtTy1rR1YJsmpGGTZ3qJos+uw7WmWF4wUwBd9jxjocFC2w==}
    engines: {node: ^12.17.0 || ^14.13 || >=16.0.0}
    dev: true

  /cli-cursor@4.0.0:
    resolution: {integrity: sha512-VGtlMu3x/4DOtIUwEkRezxUZ2lBacNJCHash0N0WeZDBS+7Ux1dm3XWAgWYxLJFMMdOeXMHXorshEFhbMSGelg==}
    engines: {node: ^12.20.0 || ^14.13.1 || >=16.0.0}
    dependencies:
      restore-cursor: 4.0.0
    dev: true

  /cli-truncate@3.1.0:
    resolution: {integrity: sha512-wfOBkjXteqSnI59oPcJkcPl/ZmwvMMOj340qUIY1SKZCv0B9Cf4D4fAucRkIKQmsIuYK3x1rrgU7MeGRruiuiA==}
    engines: {node: ^12.20.0 || ^14.13.1 || >=16.0.0}
    dependencies:
      slice-ansi: 5.0.0
      string-width: 5.1.2
    dev: true

  /color-convert@2.0.1:
    resolution: {integrity: sha512-RRECPsj7iu/xb5oKYcsFHSppFNnsj/52OVTRKb4zP5onXwVF3zVmmToNcOfGC+CRDpfK/U584fMg38ZHCaElKQ==}
    engines: {node: '>=7.0.0'}
    dependencies:
      color-name: 1.1.4
    dev: false

  /color-name@1.1.4:
    resolution: {integrity: sha512-dOy+3AuW3a2wNbZHIuMZpTcgjGuLU/uBL/ubcZF9OXbDo8ff4O8yVp5Bf0efS8uEoYo5q4Fx7dY9OgQGXgAsQA==}
    dev: false

  /colorette@2.0.20:
    resolution: {integrity: sha512-IfEDxwoWIjkeXL1eXcDiow4UbKjhLdq6/EuSVR9GMN7KVH3r9gQ83e73hsz1Nd1T3ijd5xv1wcWRYO+D6kCI2w==}
    dev: true

  /commander@11.0.0:
    resolution: {integrity: sha512-9HMlXtt/BNoYr8ooyjjNRdIilOTkVJXB+GhxMTtOKwk0R4j4lS4NpjuqmRxroBfnfTSHQIHQB7wryHhXarNjmQ==}
    engines: {node: '>=16'}
    dev: true

  /cross-spawn@7.0.3:
    resolution: {integrity: sha512-iRDPJKUPVEND7dHPO8rkbOnPpyDygcDFtWjpeWNCgy8WP2rXcxXL8TskReQl6OrB2G7+UJrags1q15Fudc7G6w==}
    engines: {node: '>= 8'}
    dependencies:
      path-key: 3.1.1
      shebang-command: 2.0.0
      which: 2.0.2

  /debug@4.3.4:
    resolution: {integrity: sha512-PRWFHuSU3eDtQJPvnNY7Jcket1j0t5OuOsFzPPzsekD52Zl8qUfFIPEiswXqIvHWGVHOgX+7G/vCNNhehwxfkQ==}
    engines: {node: '>=6.0'}
    peerDependencies:
      supports-color: '*'
    peerDependenciesMeta:
      supports-color:
        optional: true
    dependencies:
      ms: 2.1.2
    dev: true

  /eastasianwidth@0.2.0:
    resolution: {integrity: sha512-I88TYZWc9XiYHRQ4/3c5rjjfgkjhLyW2luGIheGERbNQ6OY7yTybanSpDXZa8y7VUP9YmDcYa+eyq4ca7iLqWA==}

  /emoji-regex@8.0.0:
    resolution: {integrity: sha512-MSjYzcWNOA0ewAHpz0MxpYFvwg6yjy1NG3xteoqz644VCo/RPgnr1/GGt+ic3iJTzQ8Eu3TdM14SawnVUmGE6A==}
    dev: false

  /emoji-regex@9.2.2:
    resolution: {integrity: sha512-L18DaJsXSUk2+42pv8mLs5jJT2hqFkFE4j21wOmgbUqsZ2hL72NsUU785g9RXgo3s0ZNgVl42TiHp3ZtOv/Vyg==}

  /esbuild@0.19.9:
    resolution: {integrity: sha512-U9CHtKSy+EpPsEBa+/A2gMs/h3ylBC0H0KSqIg7tpztHerLi6nrrcoUJAkNCEPumx8yJ+Byic4BVwHgRbN0TBg==}
    engines: {node: '>=12'}
    hasBin: true
    requiresBuild: true
    optionalDependencies:
      '@esbuild/android-arm': 0.19.9
      '@esbuild/android-arm64': 0.19.9
      '@esbuild/android-x64': 0.19.9
      '@esbuild/darwin-arm64': 0.19.9
      '@esbuild/darwin-x64': 0.19.9
      '@esbuild/freebsd-arm64': 0.19.9
      '@esbuild/freebsd-x64': 0.19.9
      '@esbuild/linux-arm': 0.19.9
      '@esbuild/linux-arm64': 0.19.9
      '@esbuild/linux-ia32': 0.19.9
      '@esbuild/linux-loong64': 0.19.9
      '@esbuild/linux-mips64el': 0.19.9
      '@esbuild/linux-ppc64': 0.19.9
      '@esbuild/linux-riscv64': 0.19.9
      '@esbuild/linux-s390x': 0.19.9
      '@esbuild/linux-x64': 0.19.9
      '@esbuild/netbsd-x64': 0.19.9
      '@esbuild/openbsd-x64': 0.19.9
      '@esbuild/sunos-x64': 0.19.9
      '@esbuild/win32-arm64': 0.19.9
      '@esbuild/win32-ia32': 0.19.9
      '@esbuild/win32-x64': 0.19.9
    dev: false

  /eventemitter3@5.0.1:
    resolution: {integrity: sha512-GWkBvjiSZK87ELrYOSESUYeVIc9mvLLf/nXalMOS5dYrgZq9o5OVkbZAVM06CVxYsCwH9BDZFPlQTlPA1j4ahA==}
    dev: true

  /execa@7.2.0:
    resolution: {integrity: sha512-UduyVP7TLB5IcAQl+OzLyLcS/l32W/GLg+AhHJ+ow40FOk2U3SAllPwR44v4vmdFwIWqpdwxxpQbF1n5ta9seA==}
    engines: {node: ^14.18.0 || ^16.14.0 || >=18.0.0}
    dependencies:
      cross-spawn: 7.0.3
      get-stream: 6.0.1
      human-signals: 4.3.1
      is-stream: 3.0.0
      merge-stream: 2.0.0
      npm-run-path: 5.1.0
      onetime: 6.0.0
      signal-exit: 3.0.7
      strip-final-newline: 3.0.0
    dev: true

  /fill-range@7.0.1:
    resolution: {integrity: sha512-qOo9F+dMUmC2Lcb4BbVvnKJxTPjCm+RRpe4gDuGrzkL7mEVl/djYSu2OdQ2Pa302N4oqkSg9ir6jaLWJ2USVpQ==}
    engines: {node: '>=8'}
    dependencies:
      to-regex-range: 5.0.1
    dev: true

  /foreground-child@3.1.1:
    resolution: {integrity: sha512-TMKDUnIte6bfb5nWv7V/caI169OHgvwjb7V4WkeUvbQQdjr5rWKqHFiKWb/fcOwB+CzBT+qbWjvj+DVwRskpIg==}
    engines: {node: '>=14'}
    dependencies:
      cross-spawn: 7.0.3
      signal-exit: 4.1.0
    dev: false

  /get-stream@6.0.1:
    resolution: {integrity: sha512-ts6Wi+2j3jQjqi70w5AlN8DFnkSwC+MqmxEzdEALB2qXZYV3X/b1CTfgPLGJNMeAWxdPfU8FO1ms3NUfaHCPYg==}
    engines: {node: '>=10'}
    dev: true

  /glob@10.3.10:
    resolution: {integrity: sha512-fa46+tv1Ak0UPK1TOy/pZrIybNNt4HCv7SDzwyfiOZkvZLEbjsZkJBPtDHVshZjbecAoAGSC20MjLDG/qr679g==}
    engines: {node: '>=16 || 14 >=14.17'}
    hasBin: true
    dependencies:
      foreground-child: 3.1.1
      jackspeak: 2.3.6
      minimatch: 9.0.3
      minipass: 7.0.3
      path-scurry: 1.10.1
    dev: false

  /human-signals@4.3.1:
    resolution: {integrity: sha512-nZXjEF2nbo7lIw3mgYjItAfgQXog3OjJogSbKa2CQIIvSGWcKgeJnQlNXip6NglNzYH45nSRiEVimMvYL8DDqQ==}
    engines: {node: '>=14.18.0'}
    dev: true

  /husky@8.0.3:
    resolution: {integrity: sha512-+dQSyqPh4x1hlO1swXBiNb2HzTDN1I2IGLQx1GrBuiqFJfoMrnZWwVmatvSiO+Iz8fBUnf+lekwNo4c2LlXItg==}
    engines: {node: '>=14'}
    hasBin: true
    dev: true

  /is-fullwidth-code-point@3.0.0:
    resolution: {integrity: sha512-zymm5+u+sCsSWyD9qNaejV3DFvhCKclKdizYaJUuHA83RLjb7nSuGnddCHGv0hk+KY7BMAlsWeK4Ueg6EV6XQg==}
    engines: {node: '>=8'}
    dev: false

  /is-fullwidth-code-point@4.0.0:
    resolution: {integrity: sha512-O4L094N2/dZ7xqVdrXhh9r1KODPJpFms8B5sGdJLPy664AgvXsreZUyCQQNItZRDlYug4xStLjNp/sz3HvBowQ==}
    engines: {node: '>=12'}
    dev: true

  /is-number@7.0.0:
    resolution: {integrity: sha512-41Cifkg6e8TylSpdtTpeLVMqvSBEVzTttHvERD741+pnZ8ANv0004MRL43QKPDlK9cGvNp6NZWZUBlbGXYxxng==}
    engines: {node: '>=0.12.0'}
    dev: true

  /is-stream@3.0.0:
    resolution: {integrity: sha512-LnQR4bZ9IADDRSkvpqMGvt/tEJWclzklNgSw48V5EAaAeDd6qGvN8ei6k5p0tvxSR171VmGyHuTiAOfxAbr8kA==}
    engines: {node: ^12.20.0 || ^14.13.1 || >=16.0.0}
    dev: true

  /isexe@2.0.0:
    resolution: {integrity: sha512-RHxMLp9lnKHGHRng9QFhRCMbYAcVpn69smSGcq3f36xjgVVWThj4qqLbTLlq7Ssj8B+fIQ1EuCEGI2lKsyQeIw==}

  /jackspeak@2.3.6:
    resolution: {integrity: sha512-N3yCS/NegsOBokc8GAdM8UcmfsKiSS8cipheD/nivzr700H+nsMOxJjQnvwOcRYVuFkdH0wGUvW2WbXGmrZGbQ==}
    engines: {node: '>=14'}
    dependencies:
      '@isaacs/cliui': 8.0.2
    optionalDependencies:
      '@pkgjs/parseargs': 0.11.0
    dev: false

  /json5@2.2.3:
    resolution: {integrity: sha512-XmOWe7eyHYH14cLdVPoyg+GOH3rYX++KpzrylJwSW98t3Nk+U8XOl8FWKOgwtzdb8lXGf6zYwDUzeHMWfxasyg==}
    engines: {node: '>=6'}
    hasBin: true
    dev: false

  /lilconfig@2.1.0:
    resolution: {integrity: sha512-utWOt/GHzuUxnLKxB6dk81RoOeoNeHgbrXiuGk4yyF5qlRz+iIVWu56E2fqGHFrXz0QNUhLB/8nKqvRH66JKGQ==}
    engines: {node: '>=10'}
    dev: true

  /lint-staged@14.0.1:
    resolution: {integrity: sha512-Mw0cL6HXnHN1ag0mN/Dg4g6sr8uf8sn98w2Oc1ECtFto9tvRF7nkXGJRbx8gPlHyoR0pLyBr2lQHbWwmUHe1Sw==}
    engines: {node: ^16.14.0 || >=18.0.0}
    hasBin: true
    dependencies:
      chalk: 5.3.0
      commander: 11.0.0
      debug: 4.3.4
      execa: 7.2.0
      lilconfig: 2.1.0
      listr2: 6.6.1
      micromatch: 4.0.5
      pidtree: 0.6.0
      string-argv: 0.3.2
      yaml: 2.3.1
    transitivePeerDependencies:
      - enquirer
      - supports-color
    dev: true

  /listr2@6.6.1:
    resolution: {integrity: sha512-+rAXGHh0fkEWdXBmX+L6mmfmXmXvDGEKzkjxO+8mP3+nI/r/CWznVBvsibXdxda9Zz0OW2e2ikphN3OwCT/jSg==}
    engines: {node: '>=16.0.0'}
    peerDependencies:
      enquirer: '>= 2.3.0 < 3'
    peerDependenciesMeta:
      enquirer:
        optional: true
    dependencies:
      cli-truncate: 3.1.0
      colorette: 2.0.20
      eventemitter3: 5.0.1
      log-update: 5.0.1
      rfdc: 1.3.0
      wrap-ansi: 8.1.0
    dev: true

  /log-update@5.0.1:
    resolution: {integrity: sha512-5UtUDQ/6edw4ofyljDNcOVJQ4c7OjDro4h3y8e1GQL5iYElYclVHJ3zeWchylvMaKnDbDilC8irOVyexnA/Slw==}
    engines: {node: ^12.20.0 || ^14.13.1 || >=16.0.0}
    dependencies:
      ansi-escapes: 5.0.0
      cli-cursor: 4.0.0
      slice-ansi: 5.0.0
      strip-ansi: 7.1.0
      wrap-ansi: 8.1.0
    dev: true

  /lru-cache@10.0.1:
    resolution: {integrity: sha512-IJ4uwUTi2qCccrioU6g9g/5rvvVl13bsdczUUcqbciD9iLr095yj8DQKdObriEvuNSx325N1rV1O0sJFszx75g==}
    engines: {node: 14 || >=16.14}
    dev: false

  /merge-stream@2.0.0:
    resolution: {integrity: sha512-abv/qOcuPfk3URPfDzmZU1LKmuw8kT+0nIHvKrKgFrwifol/doWcdA4ZqsWQ8ENrFKkd67Mfpo/LovbIUsbt3w==}
    dev: true

  /micromatch@4.0.5:
    resolution: {integrity: sha512-DMy+ERcEW2q8Z2Po+WNXuw3c5YaUSFjAO5GsJqfEl7UjvtIuFKO6ZrKvcItdy98dwFI2N1tg3zNIdKaQT+aNdA==}
    engines: {node: '>=8.6'}
    dependencies:
      braces: 3.0.2
      picomatch: 2.3.1
    dev: true

  /mimic-fn@2.1.0:
    resolution: {integrity: sha512-OqbOk5oEQeAZ8WXWydlu9HJjz9WVdEIvamMCcXmuqUYjTknH/sqsWvhQ3vgwKFRR1HpjvNBKQ37nbJgYzGqGcg==}
    engines: {node: '>=6'}
    dev: true

  /mimic-fn@4.0.0:
    resolution: {integrity: sha512-vqiC06CuhBTUdZH+RYl8sFrL096vA45Ok5ISO6sE/Mr1jRbGH4Csnhi8f3wKVl7x8mO4Au7Ir9D3Oyv1VYMFJw==}
    engines: {node: '>=12'}
    dev: true

  /minimatch@9.0.3:
    resolution: {integrity: sha512-RHiac9mvaRw0x3AYRgDC1CxAP7HTcNrrECeA8YYJeWnpo+2Q5CegtZjaotWTWxDG3UeGA1coE05iH1mPjT/2mg==}
    engines: {node: '>=16 || 14 >=14.17'}
    dependencies:
      brace-expansion: 2.0.1
    dev: false

  /minipass@7.0.3:
    resolution: {integrity: sha512-LhbbwCfz3vsb12j/WkWQPZfKTsgqIe1Nf/ti1pKjYESGLHIVjWU96G9/ljLH4F9mWNVhlQOm0VySdAWzf05dpg==}
    engines: {node: '>=16 || 14 >=14.17'}
    dev: false

  /ms@2.1.2:
    resolution: {integrity: sha512-sGkPx+VjMtmA6MX27oA4FBFELFCZZ4S4XqeGOXCv68tT+jb3vk/RyaKWP0PTKyWtmLSM0b+adUTEvbs1PEaH2w==}
    dev: true

  /npm-run-path@5.1.0:
    resolution: {integrity: sha512-sJOdmRGrY2sjNTRMbSvluQqg+8X7ZK61yvzBEIDhz4f8z1TZFYABsqjjCBd/0PUNE9M6QDgHJXQkGUEm7Q+l9Q==}
    engines: {node: ^12.20.0 || ^14.13.1 || >=16.0.0}
    dependencies:
      path-key: 4.0.0
    dev: true

  /of-scripts@1.0.0:
    resolution: {integrity: sha512-+Tgw35fsIsN5NV8mLLyLjktf/77H6Ulm7s4qKaDHFNYDwtXyy7DPiO7wWlYqoFs1rkmP1tACqUxlQMX9z7VhoQ==}
    hasBin: true
    dependencies:
      esbuild: 0.19.9
      glob: 10.3.10
      json5: 2.2.3
    dev: false

  /onetime@5.1.2:
    resolution: {integrity: sha512-kbpaSSGJTWdAY5KPVeMOKXSrPtr8C8C7wodJbcsd51jRnmD+GZu8Y0VoU6Dm5Z4vWr0Ig/1NKuWRKf7j5aaYSg==}
    engines: {node: '>=6'}
    dependencies:
      mimic-fn: 2.1.0
    dev: true

  /onetime@6.0.0:
    resolution: {integrity: sha512-1FlR+gjXK7X+AsAHso35MnyN5KqGwJRi/31ft6x0M194ht7S+rWAvd7PHss9xSKMzE0asv1pyIHaJYq+BbacAQ==}
    engines: {node: '>=12'}
    dependencies:
      mimic-fn: 4.0.0
    dev: true

  /path-key@3.1.1:
    resolution: {integrity: sha512-ojmeN0qd+y0jszEtoY48r0Peq5dwMEkIlCOu6Q5f41lfkswXuKtYrhgoTpLnyIcHm24Uhqx+5Tqm2InSwLhE6Q==}
    engines: {node: '>=8'}

  /path-key@4.0.0:
    resolution: {integrity: sha512-haREypq7xkM7ErfgIyA0z+Bj4AGKlMSdlQE2jvJo6huWD1EdkKYV+G/T4nq0YEF2vgTT8kqMFKo1uHn950r4SQ==}
    engines: {node: '>=12'}
    dev: true

  /path-scurry@1.10.1:
    resolution: {integrity: sha512-MkhCqzzBEpPvxxQ71Md0b1Kk51W01lrYvlMzSUaIzNsODdd7mqhiimSZlr+VegAz5Z6Vzt9Xg2ttE//XBhH3EQ==}
    engines: {node: '>=16 || 14 >=14.17'}
    dependencies:
      lru-cache: 10.0.1
      minipass: 7.0.3
    dev: false

  /picomatch@2.3.1:
    resolution: {integrity: sha512-JU3teHTNjmE2VCGFzuY8EXzCDVwEqB2a8fsIvwaStHhAWJEeVd1o1QD80CU6+ZdEXXSLbSsuLwJjkCBWqRQUVA==}
    engines: {node: '>=8.6'}
    dev: true

  /pidtree@0.6.0:
    resolution: {integrity: sha512-eG2dWTVw5bzqGRztnHExczNxt5VGsE6OwTeCG3fdUf9KBsZzO3R5OIIIzWR+iZA0NtZ+RDVdaoE2dK1cn6jH4g==}
    engines: {node: '>=0.10'}
    hasBin: true
    dev: true

  /prettier@3.0.2:
    resolution: {integrity: sha512-o2YR9qtniXvwEZlOKbveKfDQVyqxbEIWn48Z8m3ZJjBjcCmUy3xZGIv+7AkaeuaTr6yPXJjwv07ZWlsWbEy1rQ==}
    engines: {node: '>=14'}
    hasBin: true
    dev: true

  /restore-cursor@4.0.0:
    resolution: {integrity: sha512-I9fPXU9geO9bHOt9pHHOhOkYerIMsmVaWB0rA2AI9ERh/+x/i7MV5HKBNrg+ljO5eoPVgCcnFuRjJ9uH6I/3eg==}
    engines: {node: ^12.20.0 || ^14.13.1 || >=16.0.0}
    dependencies:
      onetime: 5.1.2
      signal-exit: 3.0.7
    dev: true

  /rfdc@1.3.0:
    resolution: {integrity: sha512-V2hovdzFbOi77/WajaSMXk2OLm+xNIeQdMMuB7icj7bk6zi2F8GGAxigcnDFpJHbNyNcgyJDiP+8nOrY5cZGrA==}
    dev: true

  /shebang-command@2.0.0:
    resolution: {integrity: sha512-kHxr2zZpYtdmrN1qDjrrX/Z1rR1kG8Dx+gkpK1G4eXmvXswmcE1hTWBWYUzlraYw1/yZp6YuDY77YtvbN0dmDA==}
    engines: {node: '>=8'}
    dependencies:
      shebang-regex: 3.0.0

  /shebang-regex@3.0.0:
    resolution: {integrity: sha512-7++dFhtcx3353uBaq8DDR4NuxBetBzC7ZQOhmTQInHEd6bSrXdiEyzCvG07Z44UYdLShWUyXt5M/yhz8ekcb1A==}
    engines: {node: '>=8'}

  /signal-exit@3.0.7:
    resolution: {integrity: sha512-wnD2ZE+l+SPC/uoS0vXeE9L1+0wuaMqKlfz9AMUo38JsyLSBWSFcHR1Rri62LZc12vLr1gb3jl7iwQhgwpAbGQ==}
    dev: true

  /signal-exit@4.1.0:
    resolution: {integrity: sha512-bzyZ1e88w9O1iNJbKnOlvYTrWPDl46O1bG0D3XInv+9tkPrxrN8jUUTiFlDkkmKWgn1M6CfIA13SuGqOa9Korw==}
    engines: {node: '>=14'}
    dev: false

  /slice-ansi@5.0.0:
    resolution: {integrity: sha512-FC+lgizVPfie0kkhqUScwRu1O/lF6NOgJmlCgK+/LYxDCTk8sGelYaHDhFcDN+Sn3Cv+3VSa4Byeo+IMCzpMgQ==}
    engines: {node: '>=12'}
    dependencies:
      ansi-styles: 6.2.1
      is-fullwidth-code-point: 4.0.0
    dev: true

  /string-argv@0.3.2:
    resolution: {integrity: sha512-aqD2Q0144Z+/RqG52NeHEkZauTAUWJO8c6yTftGJKO3Tja5tUgIfmIl6kExvhtxSDP7fXB6DvzkfMpCd/F3G+Q==}
    engines: {node: '>=0.6.19'}
    dev: true

  /string-width@4.2.3:
    resolution: {integrity: sha512-wKyQRQpjJ0sIp62ErSZdGsjMJWsap5oRNihHhu6G7JVO/9jIB6UyevL+tXuOqrng8j/cxKTWyWUwvSTriiZz/g==}
    engines: {node: '>=8'}
    dependencies:
      emoji-regex: 8.0.0
      is-fullwidth-code-point: 3.0.0
      strip-ansi: 6.0.1
    dev: false

  /string-width@5.1.2:
    resolution: {integrity: sha512-HnLOCR3vjcY8beoNLtcjZ5/nxn2afmME6lhrDrebokqMap+XbeW8n9TXpPDOqdGK5qcI3oT0GKTW6wC7EMiVqA==}
    engines: {node: '>=12'}
    dependencies:
      eastasianwidth: 0.2.0
      emoji-regex: 9.2.2
      strip-ansi: 7.1.0

  /strip-ansi@6.0.1:
    resolution: {integrity: sha512-Y38VPSHcqkFrCpFnQ9vuSXmquuv5oXOKpGeT6aGrr3o3Gc9AlVa6JBfUSOCnbxGGZF+/0ooI7KrPuUSztUdU5A==}
    engines: {node: '>=8'}
    dependencies:
      ansi-regex: 5.0.1
    dev: false

  /strip-ansi@7.1.0:
    resolution: {integrity: sha512-iq6eVVI64nQQTRYq2KtEg2d2uU7LElhTJwsH4YzIHZshxlgZms/wIc4VoDQTlG/IvVIrBKG06CrZnp0qv7hkcQ==}
    engines: {node: '>=12'}
    dependencies:
      ansi-regex: 6.0.1

  /strip-final-newline@3.0.0:
    resolution: {integrity: sha512-dOESqjYr96iWYylGObzd39EuNTa5VJxyvVAEm5Jnh7KGo75V43Hk1odPQkNDyXNmUR6k+gEiDVXnjB8HJ3crXw==}
    engines: {node: '>=12'}
    dev: true

  /to-regex-range@5.0.1:
    resolution: {integrity: sha512-65P7iz6X5yEr1cwcgvQxbbIw7Uk3gOy5dIdtZ4rDveLqhrdJP+Li/Hx6tyK0NEb+2GCyneCMJiGqrADCSNk8sQ==}
    engines: {node: '>=8.0'}
    dependencies:
      is-number: 7.0.0
    dev: true

  /type-fest@1.4.0:
    resolution: {integrity: sha512-yGSza74xk0UG8k+pLh5oeoYirvIiWo5t0/o3zHHAO2tRDiZcxWP7fywNlXhqb6/r6sWvwi+RsyQMWhVLe4BVuA==}
    engines: {node: '>=10'}
    dev: true

  /typescript@5.1.6:
    resolution: {integrity: sha512-zaWCozRZ6DLEWAWFrVDz1H6FVXzUSfTy5FUMWsQlU8Ym5JP9eO4xkTIROFCQvhQf61z6O/G6ugw3SgAnvvm+HA==}
    engines: {node: '>=14.17'}
    hasBin: true
    dev: true

  /which@2.0.2:
    resolution: {integrity: sha512-BLI3Tl1TW3Pvl70l3yq3Y64i+awpwXqsGBYWkkqMtnbXgrMD+yj7rhW0kuEDxzJaYXGjEW5ogapKNMEKNMjibA==}
    engines: {node: '>= 8'}
    hasBin: true
    dependencies:
      isexe: 2.0.0

  /wrap-ansi@7.0.0:
    resolution: {integrity: sha512-YVGIj2kamLSTxw6NsZjoBxfSwsn0ycdesmc4p+Q21c5zPuZ1pl+NfxVdxPtdHvmNVOQ6XSYG4AUtyt/Fi7D16Q==}
    engines: {node: '>=10'}
    dependencies:
      ansi-styles: 4.3.0
      string-width: 4.2.3
      strip-ansi: 6.0.1
    dev: false

  /wrap-ansi@8.1.0:
    resolution: {integrity: sha512-si7QWI6zUMq56bESFvagtmzMdGOtoxfR+Sez11Mobfc7tm+VkUckk9bW2UeffTGVUbOksxmSw0AA2gs8g71NCQ==}
    engines: {node: '>=12'}
    dependencies:
      ansi-styles: 6.2.1
      string-width: 5.1.2
      strip-ansi: 7.1.0

  /yaml@2.3.1:
    resolution: {integrity: sha512-2eHWfjaoXgTBC2jNM1LRef62VQa0umtvRiDSk6HSzW7RvS5YtkabJrwYLLEKWBc8a5U2PTSCs+dJjUTJdlHsWQ==}
    engines: {node: '>= 14'}
    dev: true
